
Microsoft Visual Studio Solution File, Format Version 12.00
# Visual Studio Version 17
VisualStudioVersion = 17.5.002.0
MinimumVisualStudioVersion = 10.0.40219.1
Project("{2150E333-8FDC-42A3-9474-1A3956D46DE8}") = "api", "api", "{55D4882B-6B4E-4C24-8438-66D885167C86}"
EndProject
Project("{2150E333-8FDC-42A3-9474-1A3956D46DE8}") = "src", "src", "{601AC065-EA09-40CE-B0E6-70D2A513CA76}"
EndProject
Project("{9A19103F-16F7-4668-BE54-9A1E7A4F7556}") = "InControl.Api", "api\src\InControl.Api\InControl.Api.csproj", "{6BE4C048-9F7C-4619-9A0A-056D7A99A356}"
EndProject
Global
	GlobalSection(SolutionConfigurationPlatforms) = preSolution
		Debug|Any CPU = Debug|Any CPU
		Release|Any CPU = Release|Any CPU
	EndGlobalSection
	GlobalSection(ProjectConfigurationPlatforms) = postSolution
		{6BE4C048-9F7C-4619-9A0A-056D7A99A356}.Debug|Any CPU.ActiveCfg = Debug|Any CPU
		{6BE4C048-9F7C-4619-9A0A-056D7A99A356}.Debug|Any CPU.Build.0 = Debug|Any CPU
		{6BE4C048-9F7C-4619-9A0A-056D7A99A356}.Release|Any CPU.ActiveCfg = Release|Any CPU
		{6BE4C048-9F7C-4619-9A0A-056D7A99A356}.Release|Any CPU.Build.0 = Release|Any CPU
	EndGlobalSection
	GlobalSection(SolutionProperties) = preSolution
		HideSolutionNode = FALSE
	EndGlobalSection
	GlobalSection(NestedProjects) = preSolution
		{601AC065-EA09-40CE-B0E6-70D2A513CA76} = {55D4882B-6B4E-4C24-8438-66D885167C86}
		{6BE4C048-9F7C-4619-9A0A-056D7A99A356} = {601AC065-EA09-40CE-B0E6-70D2A513CA76}
	EndGlobalSection
	GlobalSection(ExtensibilityGlobals) = postSolution
		SolutionGuid = {89C76DFF-CCED-4FBB-A6FE-37A40879DAF8}
	EndGlobalSection
EndGlobal
